
Microsoft Visual Studio Solution File, Format Version 12.00
# Visual Studio Version 17
VisualStudioVersion = 17.9.34728.123
MinimumVisualStudioVersion = 10.0.40219.1
Project("{FAE04EC0-301F-11D3-BF4B-00C04F79EFBC}") = "IdentityManager.Main", "IdentityManager.Main\IdentityManager.Main.csproj", "{B05E407A-86D5-4621-BF60-98FEFBD58651}"
EndProject
Project("{FAE04EC0-301F-11D3-BF4B-00C04F79EFBC}") = "IdentityManager.Library", "IdentityManager.Library\IdentityManager.Library.csproj", "{AE0E222B-78A8-4A2D-B445-8BA6951D81A3}"
EndProject
Global
	GlobalSection(SolutionConfigurationPlatforms) = preSolution
		Debug|Any CPU = Debug|Any CPU
		Release|Any CPU = Release|Any CPU
	EndGlobalSection
	GlobalSection(ProjectConfigurationPlatforms) = postSolution
		{B05E407A-86D5-4621-BF60-98FEFBD58651}.Debug|Any CPU.ActiveCfg = Debug|Any CPU
		{B05E407A-86D5-4621-BF60-98FEFBD58651}.Debug|Any CPU.Build.0 = Debug|Any CPU
		{B05E407A-86D5-4621-BF60-98FEFBD58651}.Release|Any CPU.ActiveCfg = Release|Any CPU
		{B05E407A-86D5-4621-BF60-98FEFBD58651}.Release|Any CPU.Build.0 = Release|Any CPU
		{AE0E222B-78A8-4A2D-B445-8BA6951D81A3}.Debug|Any CPU.ActiveCfg = Debug|Any CPU
		{AE0E222B-78A8-4A2D-B445-8BA6951D81A3}.Debug|Any CPU.Build.0 = Debug|Any CPU
		{AE0E222B-78A8-4A2D-B445-8BA6951D81A3}.Release|Any CPU.ActiveCfg = Release|Any CPU
		{AE0E222B-78A8-4A2D-B445-8BA6951D81A3}.Release|Any CPU.Build.0 = Release|Any CPU
	EndGlobalSection
	GlobalSection(SolutionProperties) = preSolution
		HideSolutionNode = FALSE
	EndGlobalSection
	GlobalSection(ExtensibilityGlobals) = postSolution
		SolutionGuid = {2AF15F65-B4B5-490C-9A80-0907740EBA11}
	EndGlobalSection
EndGlobal
